// !$*UTF8*$!
{
	archiveVersion = 1;
	classes = {
	};
	objectVersion = 56;
	objects = {

/* Begin PBXBuildFile section */
		992E67D92990A9D000CC0133 /* AppDelegate.swift in Sources */ = {isa = PBXBuildFile; fileRef = 992E67D82990A9D000CC0133 /* AppDelegate.swift */; };
		992E67DB2990A9D000CC0133 /* SceneDelegate.swift in Sources */ = {isa = PBXBuildFile; fileRef = 992E67DA2990A9D000CC0133 /* SceneDelegate.swift */; };
		992E67DD2990A9D000CC0133 /* ViewController.swift in Sources */ = {isa = PBXBuildFile; fileRef = 992E67DC2990A9D000CC0133 /* ViewController.swift */; };
		992E67E02990A9D000CC0133 /* Main.storyboard in Resources */ = {isa = PBXBuildFile; fileRef = 992E67DE2990A9D000CC0133 /* Main.storyboard */; };
		992E67E22990A9D100CC0133 /* Assets.xcassets in Resources */ = {isa = PBXBuildFile; fileRef = 992E67E12990A9D100CC0133 /* Assets.xcassets */; };
		992E67E52990A9D100CC0133 /* LaunchScreen.storyboard in Resources */ = {isa = PBXBuildFile; fileRef = 992E67E32990A9D100CC0133 /* LaunchScreen.storyboard */; };
		992E67F02990A9D100CC0133 /* MyFirstiOsTests.swift in Sources */ = {isa = PBXBuildFile; fileRef = 992E67EF2990A9D100CC0133 /* MyFirstiOsTests.swift */; };
		992E67FA2990A9D100CC0133 /* MyFirstiOsUITests.swift in Sources */ = {isa = PBXBuildFile; fileRef = 992E67F92990A9D100CC0133 /* MyFirstiOsUITests.swift */; };
		992E67FC2990A9D100CC0133 /* MyFirstiOsUITestsLaunchTests.swift in Sources */ = {isa = PBXBuildFile; fileRef = 992E67FB2990A9D100CC0133 /* MyFirstiOsUITestsLaunchTests.swift */; };
/* End PBXBuildFile section */

/* Begin PBXContainerItemProxy section */
		992E67EC2990A9D100CC0133 /* PBXContainerItemProxy */ = {
			isa = PBXContainerItemProxy;
			containerPortal = 992E67CD2990A9D000CC0133 /* Project object */;
			proxyType = 1;
			remoteGlobalIDString = 992E67D42990A9D000CC0133;
			remoteInfo = MyFirstiOs;
		};
		992E67F62990A9D100CC0133 /* PBXContainerItemProxy */ = {
			isa = PBXContainerItemProxy;
			containerPortal = 992E67CD2990A9D000CC0133 /* Project object */;
			proxyType = 1;
			remoteGlobalIDString = 992E67D42990A9D000CC0133;
			remoteInfo = MyFirstiOs;
		};
/* End PBXContainerItemProxy section */

/* Begin PBXFileReference section */
		992E67D52990A9D000CC0133 /* MyFirstiOs.app */ = {isa = PBXFileReference; explicitFileType = wrapper.application; includeInIndex = 0; path = MyFirstiOs.app; sourceTree = BUILT_PRODUCTS_DIR; };
		992E67D82990A9D000CC0133 /* AppDelegate.swift */ = {isa = PBXFileReference; lastKnownFileType = sourcecode.swift; path = AppDelegate.swift; sourceTree = "<group>"; };
		992E67DA2990A9D000CC0133 /* SceneDelegate.swift */ = {isa = PBXFileReference; lastKnownFileType = sourcecode.swift; path = SceneDelegate.swift; sourceTree = "<group>"; };
		992E67DC2990A9D000CC0133 /* ViewController.swift */ = {isa = PBXFileReference; lastKnownFileType = sourcecode.swift; path = ViewController.swift; sourceTree = "<group>"; };
		992E67DF2990A9D000CC0133 /* Base */ = {isa = PBXFileReference; lastKnownFileType = file.storyboard; name = Base; path = Base.lproj/Main.storyboard; sourceTree = "<group>"; };
		992E67E12990A9D100CC0133 /* Assets.xcassets */ = {isa = PBXFileReference; lastKnownFileType = folder.assetcatalog; path = Assets.xcassets; sourceTree = "<group>"; };
		992E67E42990A9D100CC0133 /* Base */ = {isa = PBXFileReference; lastKnownFileType = file.storyboard; name = Base; path = Base.lproj/LaunchScreen.storyboard; sourceTree = "<group>"; };
		992E67E62990A9D100CC0133 /* Info.plist */ = {isa = PBXFileReference; lastKnownFileType = text.plist.xml; path = Info.plist; sourceTree = "<group>"; };
		992E67EB2990A9D100CC0133 /* MyFirstiOsTests.xctest */ = {isa = PBXFileReference; explicitFileType = wrapper.cfbundle; includeInIndex = 0; path = MyFirstiOsTests.xctest; sourceTree = BUILT_PRODUCTS_DIR; };
		992E67EF2990A9D100CC0133 /* MyFirstiOsTests.swift */ = {isa = PBXFileReference; lastKnownFileType = sourcecode.swift; path = MyFirstiOsTests.swift; sourceTree = "<group>"; };
		992E67F52990A9D100CC0133 /* MyFirstiOsUITests.xctest */ = {isa = PBXFileReference; explicitFileType = wrapper.cfbundle; includeInIndex = 0; path = MyFirstiOsUITests.xctest; sourceTree = BUILT_PRODUCTS_DIR; };
		992E67F92990A9D100CC0133 /* MyFirstiOsUITests.swift */ = {isa = PBXFileReference; lastKnownFileType = sourcecode.swift; path = MyFirstiOsUITests.swift; sourceTree = "<group>"; };
		992E67FB2990A9D100CC0133 /* MyFirstiOsUITestsLaunchTests.swift */ = {isa = PBXFileReference; lastKnownFileType = sourcecode.swift; path = MyFirstiOsUITestsLaunchTests.swift; sourceTree = "<group>"; };
/* End PBXFileReference section */

/* Begin PBXFrameworksBuildPhase section */
		992E67D22990A9D000CC0133 /* Frameworks */ = {
			isa = PBXFrameworksBuildPhase;
			buildActionMask = 2147483647;
			files = (
			);
			runOnlyForDeploymentPostprocessing = 0;
		};
		992E67E82990A9D100CC0133 /* Frameworks */ = {
			isa = PBXFrameworksBuildPhase;
			buildActionMask = 2147483647;
			files = (
			);
			runOnlyForDeploymentPostprocessing = 0;
		};
		992E67F22990A9D100CC0133 /* Frameworks */ = {
			isa = PBXFrameworksBuildPhase;
			buildActionMask = 2147483647;
			files = (
			);
			runOnlyForDeploymentPostprocessing = 0;
		};
/* End PBXFrameworksBuildPhase section */

/* Begin PBXGroup section */
		992E67CC2990A9D000CC0133 = {
			isa = PBXGroup;
			children = (
				992E67D72990A9D000CC0133 /* MyFirstiOs */,
				992E67EE2990A9D100CC0133 /* MyFirstiOsTests */,
				992E67F82990A9D100CC0133 /* MyFirstiOsUITests */,
				992E67D62990A9D000CC0133 /* Products */,
			);
			sourceTree = "<group>";
		};
		992E67D62990A9D000CC0133 /* Products */ = {
			isa = PBXGroup;
			children = (
				992E67D52990A9D000CC0133 /* MyFirstiOs.app */,
				992E67EB2990A9D100CC0133 /* MyFirstiOsTests.xctest */,
				992E67F52990A9D100CC0133 /* MyFirstiOsUITests.xctest */,
			);
			name = Products;
			sourceTree = "<group>";
		};
		992E67D72990A9D000CC0133 /* MyFirstiOs */ = {
			isa = PBXGroup;
			children = (
				992E67D82990A9D000CC0133 /* AppDelegate.swift */,
				992E67DA2990A9D000CC0133 /* SceneDelegate.swift */,
				992E67DC2990A9D000CC0133 /* ViewController.swift */,
				992E67DE2990A9D000CC0133 /* Main.storyboard */,
				992E67E12990A9D100CC0133 /* Assets.xcassets */,
				992E67E32990A9D100CC0133 /* LaunchScreen.storyboard */,
				992E67E62990A9D100CC0133 /* Info.plist */,
			);
			path = MyFirstiOs;
			sourceTree = "<group>";
		};
		992E67EE2990A9D100CC0133 /* MyFirstiOsTests */ = {
			isa = PBXGroup;
			children = (
				992E67EF2990A9D100CC0133 /* MyFirstiOsTests.swift */,
			);
			path = MyFirstiOsTests;
			sourceTree = "<group>";
		};
		992E67F82990A9D100CC0133 /* MyFirstiOsUITests */ = {
			isa = PBXGroup;
			children = (
				992E67F92990A9D100CC0133 /* MyFirstiOsUITests.swift */,
				992E67FB2990A9D100CC0133 /* MyFirstiOsUITestsLaunchTests.swift */,
			);
			path = MyFirstiOsUITests;
			sourceTree = "<group>";
		};
/* End PBXGroup section */

/* Begin PBXNativeTarget section */
		992E67D42990A9D000CC0133 /* MyFirstiOs */ = {
			isa = PBXNativeTarget;
			buildConfigurationList = 992E67FF2990A9D100CC0133 /* Build configuration list for PBXNativeTarget "MyFirstiOs" */;
			buildPhases = (
				992E67D12990A9D000CC0133 /* Sources */,
				992E67D22990A9D000CC0133 /* Frameworks */,
				992E67D32990A9D000CC0133 /* Resources */,
			);
			buildRules = (
			);
			dependencies = (
			);
			name = MyFirstiOs;
			productName = MyFirstiOs;
			productReference = 992E67D52990A9D000CC0133 /* MyFirstiOs.app */;
			productType = "com.apple.product-type.application";
		};
		992E67EA2990A9D100CC0133 /* MyFirstiOsTests */ = {
			isa = PBXNativeTarget;
			buildConfigurationList = 992E68022990A9D100CC0133 /* Build configuration list for PBXNativeTarget "MyFirstiOsTests" */;
			buildPhases = (
				992E67E72990A9D100CC0133 /* Sources */,
				992E67E82990A9D100CC0133 /* Frameworks */,
				992E67E92990A9D100CC0133 /* Resources */,
			);
			buildRules = (
			);
			dependencies = (
				992E67ED2990A9D100CC0133 /* PBXTargetDependency */,
			);
			name = MyFirstiOsTests;
			productName = MyFirstiOsTests;
			productReference = 992E67EB2990A9D100CC0133 /* MyFirstiOsTests.xctest */;
			productType = "com.apple.product-type.bundle.unit-test";
		};
		992E67F42990A9D100CC0133 /* MyFirstiOsUITests */ = {
			isa = PBXNativeTarget;
			buildConfigurationList = 992E68052990A9D100CC0133 /* Build configuration list for PBXNativeTarget "MyFirstiOsUITests" */;
			buildPhases = (
				992E67F12990A9D100CC0133 /* Sources */,
				992E67F22990A9D100CC0133 /* Frameworks */,
				992E67F32990A9D100CC0133 /* Resources */,
			);
			buildRules = (
			);
			dependencies = (
				992E67F72990A9D100CC0133 /* PBXTargetDependency */,
			);
			name = MyFirstiOsUITests;
			productName = MyFirstiOsUITests;
			productReference = 992E67F52990A9D100CC0133 /* MyFirstiOsUITests.xctest */;
			productType = "com.apple.product-type.bundle.ui-testing";
		};
/* End PBXNativeTarget section */

/* Begin PBXProject section */
		992E67CD2990A9D000CC0133 /* Project object */ = {
			isa = PBXProject;
			attributes = {
				BuildIndependentTargetsInParallel = 1;
				LastSwiftUpdateCheck = 1420;
				LastUpgradeCheck = 1420;
				TargetAttributes = {
					992E67D42990A9D000CC0133 = {
						CreatedOnToolsVersion = 14.2;
					};
					992E67EA2990A9D100CC0133 = {
						CreatedOnToolsVersion = 14.2;
						TestTargetID = 992E67D42990A9D000CC0133;
					};
					992E67F42990A9D100CC0133 = {
						CreatedOnToolsVersion = 14.2;
						TestTargetID = 992E67D42990A9D000CC0133;
					};
				};
			};
			buildConfigurationList = 992E67D02990A9D000CC0133 /* Build configuration list for PBXProject "MyFirstiOs" */;
			compatibilityVersion = "Xcode 14.0";
			developmentRegion = en;
			hasScannedForEncodings = 0;
			knownRegions = (
				en,
				Base,
			);
			mainGroup = 992E67CC2990A9D000CC0133;
			productRefGroup = 992E67D62990A9D000CC0133 /* Products */;
			projectDirPath = "";
			projectRoot = "";
			targets = (
				992E67D42990A9D000CC0133 /* MyFirstiOs */,
				992E67EA2990A9D100CC0133 /* MyFirstiOsTests */,
				992E67F42990A9D100CC0133 /* MyFirstiOsUITests */,
			);
		};
/* End PBXProject section */

/* Begin PBXResourcesBuildPhase section */
		992E67D32990A9D000CC0133 /* Resources */ = {
			isa = PBXResourcesBuildPhase;
			buildActionMask = 2147483647;
			files = (
				992E67E52990A9D100CC0133 /* LaunchScreen.storyboard in Resources */,
				992E67E22990A9D100CC0133 /* Assets.xcassets in Resources */,
				992E67E02990A9D000CC0133 /* Main.storyboard in Resources */,
			);
			runOnlyForDeploymentPostprocessing = 0;
		};
		992E67E92990A9D100CC0133 /* Resources */ = {
			isa = PBXResourcesBuildPhase;
			buildActionMask = 2147483647;
			files = (
			);
			runOnlyForDeploymentPostprocessing = 0;
		};
		992E67F32990A9D100CC0133 /* Resources */ = {
			isa = PBXResourcesBuildPhase;
			buildActionMask = 2147483647;
			files = (
			);
			runOnlyForDeploymentPostprocessing = 0;
		};
/* End PBXResourcesBuildPhase section */

/* Begin PBXSourcesBuildPhase section */
		992E67D12990A9D000CC0133 /* Sources */ = {
			isa = PBXSourcesBuildPhase;
			buildActionMask = 2147483647;
			files = (
				992E67DD2990A9D000CC0133 /* ViewController.swift in Sources */,
				992E67D92990A9D000CC0133 /* AppDelegate.swift in Sources */,
				992E67DB2990A9D000CC0133 /* SceneDelegate.swift in Sources */,
			);
			runOnlyForDeploymentPostprocessing = 0;
		};
		992E67E72990A9D100CC0133 /* Sources */ = {
			isa = PBXSourcesBuildPhase;
			buildActionMask = 2147483647;
			files = (
				992E67F02990A9D100CC0133 /* MyFirstiOsTests.swift in Sources */,
			);
			runOnlyForDeploymentPostprocessing = 0;
		};
		992E67F12990A9D100CC0133 /* Sources */ = {
			isa = PBXSourcesBuildPhase;
			buildActionMask = 2147483647;
			files = (
				992E67FA2990A9D100CC0133 /* MyFirstiOsUITests.swift in Sources */,
				992E67FC2990A9D100CC0133 /* MyFirstiOsUITestsLaunchTests.swift in Sources */,
			);
			runOnlyForDeploymentPostprocessing = 0;
		};
/* End PBXSourcesBuildPhase section */

/* Begin PBXTargetDependency section */
		992E67ED2990A9D100CC0133 /* PBXTargetDependency */ = {
			isa = PBXTargetDependency;
			target = 992E67D42990A9D000CC0133 /* MyFirstiOs */;
			targetProxy = 992E67EC2990A9D100CC0133 /* PBXContainerItemProxy */;
		};
		992E67F72990A9D100CC0133 /* PBXTargetDependency */ = {
			isa = PBXTargetDependency;
			target = 992E67D42990A9D000CC0133 /* MyFirstiOs */;
			targetProxy = 992E67F62990A9D100CC0133 /* PBXContainerItemProxy */;
		};
/* End PBXTargetDependency section */

/* Begin PBXVariantGroup section */
		992E67DE2990A9D000CC0133 /* Main.storyboard */ = {
			isa = PBXVariantGroup;
			children = (
				992E67DF2990A9D000CC0133 /* Base */,
			);
			name = Main.storyboard;
			sourceTree = "<group>";
		};
		992E67E32990A9D100CC0133 /* LaunchScreen.storyboard */ = {
			isa = PBXVariantGroup;
			children = (
				992E67E42990A9D100CC0133 /* Base */,
			);
			name = LaunchScreen.storyboard;
			sourceTree = "<group>";
		};
/* End PBXVariantGroup section */

/* Begin XCBuildConfiguration section */
		992E67FD2990A9D100CC0133 /* Debug */ = {
			isa = XCBuildConfiguration;
			buildSettings = {
				ALWAYS_SEARCH_USER_PATHS = NO;
				CLANG_ANALYZER_NONNULL = YES;
				CLANG_ANALYZER_NUMBER_OBJECT_CONVERSION = YES_AGGRESSIVE;
				CLANG_CXX_LANGUAGE_STANDARD = "gnu++20";
				CLANG_ENABLE_MODULES = YES;
				CLANG_ENABLE_OBJC_ARC = YES;
				CLANG_ENABLE_OBJC_WEAK = YES;
				CLANG_WARN_BLOCK_CAPTURE_AUTORELEASING = YES;
				CLANG_WARN_BOOL_CONVERSION = YES;
				CLANG_WARN_COMMA = YES;
				CLANG_WARN_CONSTANT_CONVERSION = YES;
				CLANG_WARN_DEPRECATED_OBJC_IMPLEMENTATIONS = YES;
				CLANG_WARN_DIRECT_OBJC_ISA_USAGE = YES_ERROR;
				CLANG_WARN_DOCUMENTATION_COMMENTS = YES;
				CLANG_WARN_EMPTY_BODY = YES;
				CLANG_WARN_ENUM_CONVERSION = YES;
				CLANG_WARN_INFINITE_RECURSION = YES;
				CLANG_WARN_INT_CONVERSION = YES;
				CLANG_WARN_NON_LITERAL_NULL_CONVERSION = YES;
				CLANG_WARN_OBJC_IMPLICIT_RETAIN_SELF = YES;
				CLANG_WARN_OBJC_LITERAL_CONVERSION = YES;
				CLANG_WARN_OBJC_ROOT_CLASS = YES_ERROR;
				CLANG_WARN_QUOTED_INCLUDE_IN_FRAMEWORK_HEADER = YES;
				CLANG_WARN_RANGE_LOOP_ANALYSIS = YES;
				CLANG_WARN_STRICT_PROTOTYPES = YES;
				CLANG_WARN_SUSPICIOUS_MOVE = YES;
				CLANG_WARN_UNGUARDED_AVAILABILITY = YES_AGGRESSIVE;
				CLANG_WARN_UNREACHABLE_CODE = YES;
				CLANG_WARN__DUPLICATE_METHOD_MATCH = YES;
				COPY_PHASE_STRIP = NO;
				DEBUG_INFORMATION_FORMAT = dwarf;
				ENABLE_STRICT_OBJC_MSGSEND = YES;
				ENABLE_TESTABILITY = YES;
				GCC_C_LANGUAGE_STANDARD = gnu11;
				GCC_DYNAMIC_NO_PIC = NO;
				GCC_NO_COMMON_BLOCKS = YES;
				GCC_OPTIMIZATION_LEVEL = 0;
				GCC_PREPROCESSOR_DEFINITIONS = (
					"DEBUG=1",
					"$(inherited)",
				);
				GCC_WARN_64_TO_32_BIT_CONVERSION = YES;
				GCC_WARN_ABOUT_RETURN_TYPE = YES_ERROR;
				GCC_WARN_UNDECLARED_SELECTOR = YES;
				GCC_WARN_UNINITIALIZED_AUTOS = YES_AGGRESSIVE;
				GCC_WARN_UNUSED_FUNCTION = YES;
				GCC_WARN_UNUSED_VARIABLE = YES;
				IPHONEOS_DEPLOYMENT_TARGET = 16.2;
				MTL_ENABLE_DEBUG_INFO = INCLUDE_SOURCE;
				MTL_FAST_MATH = YES;
				ONLY_ACTIVE_ARCH = YES;
				SDKROOT = iphoneos;
				SWIFT_ACTIVE_COMPILATION_CONDITIONS = DEBUG;
				SWIFT_OPTIMIZATION_LEVEL = "-Onone";
			};
			name = Debug;
		};
		992E67FE2990A9D100CC0133 /* Release */ = {
			isa = XCBuildConfiguration;
			buildSettings = {
				ALWAYS_SEARCH_USER_PATHS = NO;
				CLANG_ANALYZER_NONNULL = YES;
				CLANG_ANALYZER_NUMBER_OBJECT_CONVERSION = YES_AGGRESSIVE;
				CLANG_CXX_LANGUAGE_STANDARD = "gnu++20";
				CLANG_ENABLE_MODULES = YES;
				CLANG_ENABLE_OBJC_ARC = YES;
				CLANG_ENABLE_OBJC_WEAK = YES;
				CLANG_WARN_BLOCK_CAPTURE_AUTORELEASING = YES;
				CLANG_WARN_BOOL_CONVERSION = YES;
				CLANG_WARN_COMMA = YES;
				CLANG_WARN_CONSTANT_CONVERSION = YES;
				CLANG_WARN_DEPRECATED_OBJC_IMPLEMENTATIONS = YES;
				CLANG_WARN_DIRECT_OBJC_ISA_USAGE = YES_ERROR;
				CLANG_WARN_DOCUMENTATION_COMMENTS = YES;
				CLANG_WARN_EMPTY_BODY = YES;
				CLANG_WARN_ENUM_CONVERSION = YES;
				CLANG_WARN_INFINITE_RECURSION = YES;
				CLANG_WARN_INT_CONVERSION = YES;
				CLANG_WARN_NON_LITERAL_NULL_CONVERSION = YES;
				CLANG_WARN_OBJC_IMPLICIT_RETAIN_SELF = YES;
				CLANG_WARN_OBJC_LITERAL_CONVERSION = YES;
				CLANG_WARN_OBJC_ROOT_CLASS = YES_ERROR;
				CLANG_WARN_QUOTED_INCLUDE_IN_FRAMEWORK_HEADER = YES;
				CLANG_WARN_RANGE_LOOP_ANALYSIS = YES;
				CLANG_WARN_STRICT_PROTOTYPES = YES;
				CLANG_WARN_SUSPICIOUS_MOVE = YES;
				CLANG_WARN_UNGUARDED_AVAILABILITY = YES_AGGRESSIVE;
				CLANG_WARN_UNREACHABLE_CODE = YES;
				CLANG_WARN__DUPLICATE_METHOD_MATCH = YES;
				COPY_PHASE_STRIP = NO;
				DEBUG_INFORMATION_FORMAT = "dwarf-with-dsym";
				ENABLE_NS_ASSERTIONS = NO;
				ENABLE_STRICT_OBJC_MSGSEND = YES;
				GCC_C_LANGUAGE_STANDARD = gnu11;
				GCC_NO_COMMON_BLOCKS = YES;
				GCC_WARN_64_TO_32_BIT_CONVERSION = YES;
				GCC_WARN_ABOUT_RETURN_TYPE = YES_ERROR;
				GCC_WARN_UNDECLARED_SELECTOR = YES;
				GCC_WARN_UNINITIALIZED_AUTOS = YES_AGGRESSIVE;
				GCC_WARN_UNUSED_FUNCTION = YES;
				GCC_WARN_UNUSED_VARIABLE = YES;
				IPHONEOS_DEPLOYMENT_TARGET = 16.2;
				MTL_ENABLE_DEBUG_INFO = NO;
				MTL_FAST_MATH = YES;
				SDKROOT = iphoneos;
				SWIFT_COMPILATION_MODE = wholemodule;
				SWIFT_OPTIMIZATION_LEVEL = "-O";
				VALIDATE_PRODUCT = YES;
			};
			name = Release;
		};
		992E68002990A9D100CC0133 /* Debug */ = {
			isa = XCBuildConfiguration;
			buildSettings = {
				ASSETCATALOG_COMPILER_APPICON_NAME = AppIcon;
				ASSETCATALOG_COMPILER_GLOBAL_ACCENT_COLOR_NAME = AccentColor;
				CODE_SIGN_STYLE = Automatic;
				CURRENT_PROJECT_VERSION = 1;
				DEVELOPMENT_TEAM = 325ATLWFWW;
				GENERATE_INFOPLIST_FILE = YES;
				INFOPLIST_FILE = MyFirstiOs/Info.plist;
				INFOPLIST_KEY_UIApplicationSupportsIndirectInputEvents = YES;
				INFOPLIST_KEY_UILaunchStoryboardName = LaunchScreen;
				INFOPLIST_KEY_UIMainStoryboardFile = Main;
				INFOPLIST_KEY_UISupportedInterfaceOrientations_iPad = "UIInterfaceOrientationPortrait UIInterfaceOrientationPortraitUpsideDown UIInterfaceOrientationLandscapeLeft UIInterfaceOrientationLandscapeRight";
				INFOPLIST_KEY_UISupportedInterfaceOrientations_iPhone = "UIInterfaceOrientationPortrait UIInterfaceOrientationLandscapeLeft UIInterfaceOrientationLandscapeRight";
				LD_RUNPATH_SEARCH_PATHS = (
					"$(inherited)",
					"@executable_path/Frameworks",
				);
				MARKETING_VERSION = 1.0;
				PRODUCT_BUNDLE_IDENTIFIER = naplab.com.MyFirstiOs;
				PRODUCT_NAME = "$(TARGET_NAME)";
				SWIFT_EMIT_LOC_STRINGS = YES;
				SWIFT_VERSION = 5.0;
				TARGETED_DEVICE_FAMILY = "1,2";
			};
			name = Debug;
		};
		992E68012990A9D100CC0133 /* Release */ = {
			isa = XCBuildConfiguration;
			buildSettings = {
				ASSETCATALOG_COMPILER_APPICON_NAME = AppIcon;
				ASSETCATALOG_COMPILER_GLOBAL_ACCENT_COLOR_NAME = AccentColor;
				CODE_SIGN_STYLE = Automatic;
				CURRENT_PROJECT_VERSION = 1;
				DEVELOPMENT_TEAM = 325ATLWFWW;
				GENERATE_INFOPLIST_FILE = YES;
				INFOPLIST_FILE = MyFirstiOs/Info.plist;
				INFOPLIST_KEY_UIApplicationSupportsIndirectInputEvents = YES;
				INFOPLIST_KEY_UILaunchStoryboardName = LaunchScreen;
				INFOPLIST_KEY_UIMainStoryboardFile = Main;
				INFOPLIST_KEY_UISupportedInterfaceOrientations_iPad = "UIInterfaceOrientationPortrait UIInterfaceOrientationPortraitUpsideDown UIInterfaceOrientationLandscapeLeft UIInterfaceOrientationLandscapeRight";
				INFOPLIST_KEY_UISupportedInterfaceOrientations_iPhone = "UIInterfaceOrientationPortrait UIInterfaceOrientationLandscapeLeft UIInterfaceOrientationLandscapeRight";
				LD_RUNPATH_SEARCH_PATHS = (
					"$(inherited)",
					"@executable_path/Frameworks",
				);
				MARKETING_VERSION = 1.0;
				PRODUCT_BUNDLE_IDENTIFIER = naplab.com.MyFirstiOs;
				PRODUCT_NAME = "$(TARGET_NAME)";
				SWIFT_EMIT_LOC_STRINGS = YES;
				SWIFT_VERSION = 5.0;
				TARGETED_DEVICE_FAMILY = "1,2";
			};
			name = Release;
		};
		992E68032990A9D100CC0133 /* Debug */ = {
			isa = XCBuildConfiguration;
			buildSettings = {
				ALWAYS_EMBED_SWIFT_STANDARD_LIBRARIES = YES;
				BUNDLE_LOADER = "$(TEST_HOST)";
				CODE_SIGN_STYLE = Automatic;
				CURRENT_PROJECT_VERSION = 1;
				DEVELOPMENT_TEAM = 325ATLWFWW;
				GENERATE_INFOPLIST_FILE = YES;
				IPHONEOS_DEPLOYMENT_TARGET = 16.2;
				MARKETING_VERSION = 1.0;
				PRODUCT_BUNDLE_IDENTIFIER = naplab.com.MyFirstiOsTests;
				PRODUCT_NAME = "$(TARGET_NAME)";
				SWIFT_EMIT_LOC_STRINGS = NO;
				SWIFT_VERSION = 5.0;
				TARGETED_DEVICE_FAMILY = "1,2";
				TEST_HOST = "$(BUILT_PRODUCTS_DIR)/MyFirstiOs.app/$(BUNDLE_EXECUTABLE_FOLDER_PATH)/MyFirstiOs";
			};
			name = Debug;
		};
		992E68042990A9D100CC0133 /* Release */ = {
			isa = XCBuildConfiguration;
			buildSettings = {
				ALWAYS_EMBED_SWIFT_STANDARD_LIBRARIES = YES;
				BUNDLE_LOADER = "$(TEST_HOST)";
				CODE_SIGN_STYLE = Automatic;
				CURRENT_PROJECT_VERSION = 1;
				DEVELOPMENT_TEAM = 325ATLWFWW;
				GENERATE_INFOPLIST_FILE = YES;
				IPHONEOS_DEPLOYMENT_TARGET = 16.2;
				MARKETING_VERSION = 1.0;
				PRODUCT_BUNDLE_IDENTIFIER = naplab.com.MyFirstiOsTests;
				PRODUCT_NAME = "$(TARGET_NAME)";
				SWIFT_EMIT_LOC_STRINGS = NO;
				SWIFT_VERSION = 5.0;
				TARGETED_DEVICE_FAMILY = "1,2";
				TEST_HOST = "$(BUILT_PRODUCTS_DIR)/MyFirstiOs.app/$(BUNDLE_EXECUTABLE_FOLDER_PATH)/MyFirstiOs";
			};
			name = Release;
		};
		992E68062990A9D100CC0133 /* Debug */ = {
			isa = XCBuildConfiguration;
			buildSettings = {
				ALWAYS_EMBED_SWIFT_STANDARD_LIBRARIES = YES;
				CODE_SIGN_STYLE = Automatic;
				CURRENT_PROJECT_VERSION = 1;
				DEVELOPMENT_TEAM = 325ATLWFWW;
				GENERATE_INFOPLIST_FILE = YES;
				MARKETING_VERSION = 1.0;
				PRODUCT_BUNDLE_IDENTIFIER = naplab.com.MyFirstiOsUITests;
				PRODUCT_NAME = "$(TARGET_NAME)";
				SWIFT_EMIT_LOC_STRINGS = NO;
				SWIFT_VERSION = 5.0;
				TARGETED_DEVICE_FAMILY = "1,2";
				TEST_TARGET_NAME = MyFirstiOs;
			};
			name = Debug;
		};
		992E68072990A9D100CC0133 /* Release */ = {
			isa = XCBuildConfiguration;
			buildSettings = {
				ALWAYS_EMBED_SWIFT_STANDARD_LIBRARIES = YES;
				CODE_SIGN_STYLE = Automatic;
				CURRENT_PROJECT_VERSION = 1;
				DEVELOPMENT_TEAM = 325ATLWFWW;
				GENERATE_INFOPLIST_FILE = YES;
				MARKETING_VERSION = 1.0;
				PRODUCT_BUNDLE_IDENTIFIER = naplab.com.MyFirstiOsUITests;
				PRODUCT_NAME = "$(TARGET_NAME)";
				SWIFT_EMIT_LOC_STRINGS = NO;
				SWIFT_VERSION = 5.0;
				TARGETED_DEVICE_FAMILY = "1,2";
				TEST_TARGET_NAME = MyFirstiOs;
			};
			name = Release;
		};
/* End XCBuildConfiguration section */

/* Begin XCConfigurationList section */
		992E67D02990A9D000CC0133 /* Build configuration list for PBXProject "MyFirstiOs" */ = {
			isa = XCConfigurationList;
			buildConfigurations = (
				992E67FD2990A9D100CC0133 /* Debug */,
				992E67FE2990A9D100CC0133 /* Release */,
			);
			defaultConfigurationIsVisible = 0;
			defaultConfigurationName = Release;
		};
		992E67FF2990A9D100CC0133 /* Build configuration list for PBXNativeTarget "MyFirstiOs" */ = {
			isa = XCConfigurationList;
			buildConfigurations = (
				992E68002990A9D100CC0133 /* Debug */,
				992E68012990A9D100CC0133 /* Release */,
			);
			defaultConfigurationIsVisible = 0;
			defaultConfigurationName = Release;
		};
		992E68022990A9D100CC0133 /* Build configuration list for PBXNativeTarget "MyFirstiOsTests" */ = {
			isa = XCConfigurationList;
			buildConfigurations = (
				992E68032990A9D100CC0133 /* Debug */,
				992E68042990A9D100CC0133 /* Release */,
			);
			defaultConfigurationIsVisible = 0;
			defaultConfigurationName = Release;
		};
		992E68052990A9D100CC0133 /* Build configuration list for PBXNativeTarget "MyFirstiOsUITests" */ = {
			isa = XCConfigurationList;
			buildConfigurations = (
				992E68062990A9D100CC0133 /* Debug */,
				992E68072990A9D100CC0133 /* Release */,
			);
			defaultConfigurationIsVisible = 0;
			defaultConfigurationName = Release;
		};
/* End XCConfigurationList section */
	};
	rootObject = 992E67CD2990A9D000CC0133 /* Project object */;
}
